
Microsoft Visual Studio Solution File, Format Version 12.00
# Visual Studio 15
VisualStudioVersion = 15.0.27428.2015
MinimumVisualStudioVersion = 10.0.40219.1
Project("{FAE04EC0-301F-11D3-BF4B-00C04F79EFBC}") = "Coleccion1_1ArrayList", "ConCSAvanzado\Coleccion1_1ArrayList.csproj", "{598579B4-4A18-4A09-BCAE-7513A833CA7B}"
EndProject
Project("{FAE04EC0-301F-11D3-BF4B-00C04F79EFBC}") = "Coleccion1_2BitArray", "Coleccion1_2BitArray\Coleccion1_2BitArray.csproj", "{3199D62C-8B8A-446C-A6DF-80BC46E2E658}"
EndProject
Project("{FAE04EC0-301F-11D3-BF4B-00C04F79EFBC}") = "Show", "Show\Show.csproj", "{0758806D-442D-4F25-A4E1-D355DD75D62D}"
EndProject
Project("{FAE04EC0-301F-11D3-BF4B-00C04F79EFBC}") = "Coleccion1_3HashTable", "Coleccion1_3HashTable\Coleccion1_3HashTable.csproj", "{6F2C7EC1-E273-412C-BC25-15EFE4905A95}"
EndProject
Project("{FAE04EC0-301F-11D3-BF4B-00C04F79EFBC}") = "Coleccion1_3Queue", "Coleccion1_3Queue\Coleccion1_3Queue.csproj", "{F690FE9C-7641-43E7-9037-4E85F8AD2E23}"
EndProject
Project("{FAE04EC0-301F-11D3-BF4B-00C04F79EFBC}") = "Coleccion1_4SorteList", "Coleccion1_4SorteList\Coleccion1_4SorteList.csproj", "{09A7A8A8-5F87-4DB2-B0F8-A5B8E7870896}"
EndProject
Project("{FAE04EC0-301F-11D3-BF4B-00C04F79EFBC}") = "Coleccion1_5Stack", "Coleccion1_5Stack\Coleccion1_5Stack.csproj", "{71EB794D-D2B8-45A9-854E-0DC38EEDADEF}"
EndProject
Project("{FAE04EC0-301F-11D3-BF4B-00C04F79EFBC}") = "Coleccion2_1Generica", "Coleccion2_1Generica\Coleccion2_1Generica.csproj", "{8828FCA9-A62E-4E8D-9DDD-EDA73ED6DD86}"
EndProject
Project("{FAE04EC0-301F-11D3-BF4B-00C04F79EFBC}") = "Coleccion2_2Stack,Queue", "Coleccion2_2Stack,Queue\Coleccion2_2Stack,Queue.csproj", "{D36A5E22-5A8A-4064-8CB1-8CFCAA631A3F}"
EndProject
Project("{FAE04EC0-301F-11D3-BF4B-00C04F79EFBC}") = "Coleccion2_3SortedSetGenerico", "Coleccion2_3SortedSetGenerico\Coleccion2_3SortedSetGenerico.csproj", "{A671A9CA-58C8-42A5-9177-4887F3BF1E6F}"
EndProject
Project("{FAE04EC0-301F-11D3-BF4B-00C04F79EFBC}") = "Colecciones2_4ObservableCollection", "Colecciones2_4ObservableCollection\Colecciones2_4ObservableCollection.csproj", "{1A6E1282-93D2-4B11-94E3-393B6154E845}"
EndProject
Project("{FAE04EC0-301F-11D3-BF4B-00C04F79EFBC}") = "Avanzado3_1varNulleableDynamic", "Avanzado3_1varNulleableDynamic\Avanzado3_1varNulleableDynamic.csproj", "{F8EADC7A-BF93-44F8-A4CC-B9FF939022A8}"
EndProject
Project("{FAE04EC0-301F-11D3-BF4B-00C04F79EFBC}") = "Avanzado4_1MetodosGenariocos", "Avanzado4_1MetodosGenariocos\Avanzado4_1MetodosGenariocos.csproj", "{593887BD-F244-4311-A1C3-29C39B6D8207}"
EndProject
Project("{FAE04EC0-301F-11D3-BF4B-00C04F79EFBC}") = "Avanzado4_2ClasesGenericas", "Avanzado4_2ClasesGenericas\Avanzado4_2ClasesGenericas.csproj", "{1A9B9CE2-2051-4A42-91FD-458C80643B7F}"
EndProject
Global
	GlobalSection(SolutionConfigurationPlatforms) = preSolution
		Debug|Any CPU = Debug|Any CPU
		Release|Any CPU = Release|Any CPU
	EndGlobalSection
	GlobalSection(ProjectConfigurationPlatforms) = postSolution
		{598579B4-4A18-4A09-BCAE-7513A833CA7B}.Debug|Any CPU.ActiveCfg = Debug|Any CPU
		{598579B4-4A18-4A09-BCAE-7513A833CA7B}.Debug|Any CPU.Build.0 = Debug|Any CPU
		{598579B4-4A18-4A09-BCAE-7513A833CA7B}.Release|Any CPU.ActiveCfg = Release|Any CPU
		{598579B4-4A18-4A09-BCAE-7513A833CA7B}.Release|Any CPU.Build.0 = Release|Any CPU
		{3199D62C-8B8A-446C-A6DF-80BC46E2E658}.Debug|Any CPU.ActiveCfg = Debug|Any CPU
		{3199D62C-8B8A-446C-A6DF-80BC46E2E658}.Debug|Any CPU.Build.0 = Debug|Any CPU
		{3199D62C-8B8A-446C-A6DF-80BC46E2E658}.Release|Any CPU.ActiveCfg = Release|Any CPU
		{3199D62C-8B8A-446C-A6DF-80BC46E2E658}.Release|Any CPU.Build.0 = Release|Any CPU
		{0758806D-442D-4F25-A4E1-D355DD75D62D}.Debug|Any CPU.ActiveCfg = Debug|Any CPU
		{0758806D-442D-4F25-A4E1-D355DD75D62D}.Debug|Any CPU.Build.0 = Debug|Any CPU
		{0758806D-442D-4F25-A4E1-D355DD75D62D}.Release|Any CPU.ActiveCfg = Release|Any CPU
		{0758806D-442D-4F25-A4E1-D355DD75D62D}.Release|Any CPU.Build.0 = Release|Any CPU
		{6F2C7EC1-E273-412C-BC25-15EFE4905A95}.Debug|Any CPU.ActiveCfg = Debug|Any CPU
		{6F2C7EC1-E273-412C-BC25-15EFE4905A95}.Debug|Any CPU.Build.0 = Debug|Any CPU
		{6F2C7EC1-E273-412C-BC25-15EFE4905A95}.Release|Any CPU.ActiveCfg = Release|Any CPU
		{6F2C7EC1-E273-412C-BC25-15EFE4905A95}.Release|Any CPU.Build.0 = Release|Any CPU
		{F690FE9C-7641-43E7-9037-4E85F8AD2E23}.Debug|Any CPU.ActiveCfg = Debug|Any CPU
		{F690FE9C-7641-43E7-9037-4E85F8AD2E23}.Debug|Any CPU.Build.0 = Debug|Any CPU
		{F690FE9C-7641-43E7-9037-4E85F8AD2E23}.Release|Any CPU.ActiveCfg = Release|Any CPU
		{F690FE9C-7641-43E7-9037-4E85F8AD2E23}.Release|Any CPU.Build.0 = Release|Any CPU
		{09A7A8A8-5F87-4DB2-B0F8-A5B8E7870896}.Debug|Any CPU.ActiveCfg = Debug|Any CPU
		{09A7A8A8-5F87-4DB2-B0F8-A5B8E7870896}.Debug|Any CPU.Build.0 = Debug|Any CPU
		{09A7A8A8-5F87-4DB2-B0F8-A5B8E7870896}.Release|Any CPU.ActiveCfg = Release|Any CPU
		{09A7A8A8-5F87-4DB2-B0F8-A5B8E7870896}.Release|Any CPU.Build.0 = Release|Any CPU
		{71EB794D-D2B8-45A9-854E-0DC38EEDADEF}.Debug|Any CPU.ActiveCfg = Debug|Any CPU
		{71EB794D-D2B8-45A9-854E-0DC38EEDADEF}.Debug|Any CPU.Build.0 = Debug|Any CPU
		{71EB794D-D2B8-45A9-854E-0DC38EEDADEF}.Release|Any CPU.ActiveCfg = Release|Any CPU
		{71EB794D-D2B8-45A9-854E-0DC38EEDADEF}.Release|Any CPU.Build.0 = Release|Any CPU
		{8828FCA9-A62E-4E8D-9DDD-EDA73ED6DD86}.Debug|Any CPU.ActiveCfg = Debug|Any CPU
		{8828FCA9-A62E-4E8D-9DDD-EDA73ED6DD86}.Debug|Any CPU.Build.0 = Debug|Any CPU
		{8828FCA9-A62E-4E8D-9DDD-EDA73ED6DD86}.Release|Any CPU.ActiveCfg = Release|Any CPU
		{8828FCA9-A62E-4E8D-9DDD-EDA73ED6DD86}.Release|Any CPU.Build.0 = Release|Any CPU
		{D36A5E22-5A8A-4064-8CB1-8CFCAA631A3F}.Debug|Any CPU.ActiveCfg = Debug|Any CPU
		{D36A5E22-5A8A-4064-8CB1-8CFCAA631A3F}.Debug|Any CPU.Build.0 = Debug|Any CPU
		{D36A5E22-5A8A-4064-8CB1-8CFCAA631A3F}.Release|Any CPU.ActiveCfg = Release|Any CPU
		{D36A5E22-5A8A-4064-8CB1-8CFCAA631A3F}.Release|Any CPU.Build.0 = Release|Any CPU
		{A671A9CA-58C8-42A5-9177-4887F3BF1E6F}.Debug|Any CPU.ActiveCfg = Debug|Any CPU
		{A671A9CA-58C8-42A5-9177-4887F3BF1E6F}.Debug|Any CPU.Build.0 = Debug|Any CPU
		{A671A9CA-58C8-42A5-9177-4887F3BF1E6F}.Release|Any CPU.ActiveCfg = Release|Any CPU
		{A671A9CA-58C8-42A5-9177-4887F3BF1E6F}.Release|Any CPU.Build.0 = Release|Any CPU
		{1A6E1282-93D2-4B11-94E3-393B6154E845}.Debug|Any CPU.ActiveCfg = Debug|Any CPU
		{1A6E1282-93D2-4B11-94E3-393B6154E845}.Debug|Any CPU.Build.0 = Debug|Any CPU
		{1A6E1282-93D2-4B11-94E3-393B6154E845}.Release|Any CPU.ActiveCfg = Release|Any CPU
		{1A6E1282-93D2-4B11-94E3-393B6154E845}.Release|Any CPU.Build.0 = Release|Any CPU
		{F8EADC7A-BF93-44F8-A4CC-B9FF939022A8}.Debug|Any CPU.ActiveCfg = Debug|Any CPU
		{F8EADC7A-BF93-44F8-A4CC-B9FF939022A8}.Debug|Any CPU.Build.0 = Debug|Any CPU
		{F8EADC7A-BF93-44F8-A4CC-B9FF939022A8}.Release|Any CPU.ActiveCfg = Release|Any CPU
		{F8EADC7A-BF93-44F8-A4CC-B9FF939022A8}.Release|Any CPU.Build.0 = Release|Any CPU
		{593887BD-F244-4311-A1C3-29C39B6D8207}.Debug|Any CPU.ActiveCfg = Debug|Any CPU
		{593887BD-F244-4311-A1C3-29C39B6D8207}.Debug|Any CPU.Build.0 = Debug|Any CPU
		{593887BD-F244-4311-A1C3-29C39B6D8207}.Release|Any CPU.ActiveCfg = Release|Any CPU
		{593887BD-F244-4311-A1C3-29C39B6D8207}.Release|Any CPU.Build.0 = Release|Any CPU
		{1A9B9CE2-2051-4A42-91FD-458C80643B7F}.Debug|Any CPU.ActiveCfg = Debug|Any CPU
		{1A9B9CE2-2051-4A42-91FD-458C80643B7F}.Debug|Any CPU.Build.0 = Debug|Any CPU
		{1A9B9CE2-2051-4A42-91FD-458C80643B7F}.Release|Any CPU.ActiveCfg = Release|Any CPU
		{1A9B9CE2-2051-4A42-91FD-458C80643B7F}.Release|Any CPU.Build.0 = Release|Any CPU
	EndGlobalSection
	GlobalSection(SolutionProperties) = preSolution
		HideSolutionNode = FALSE
	EndGlobalSection
	GlobalSection(ExtensibilityGlobals) = postSolution
		SolutionGuid = {FA6B5296-EC2E-48DE-B49F-1EC6FA889587}
	EndGlobalSection
EndGlobal
